<?xml version="1.0" encoding="utf-8"?>
<Project ToolsVersion="4.0" xmlns="http://schemas.microsoft.com/developer/msbuild/2003">
  <ItemGroup>
    <Filter Include="Core">
      <UniqueIdentifier>{7f33ebec-7d6f-461a-b619-c8bc40f8665e}</UniqueIdentifier>
    </Filter>
    <Filter Include="OS">
      <UniqueIdentifier>{774826fe-4cff-4dfb-be7c-cb6519dfb1e3}</UniqueIdentifier>
    </Filter>
    <Filter Include="Core\Logging">
      <UniqueIdentifier>{d8e8c204-29a0-4af9-8622-91489583a433}</UniqueIdentifier>
    </Filter>
    <Filter Include="OS\Win32">
      <UniqueIdentifier>{8370b9aa-112f-400d-ba90-0a506ada996d}</UniqueIdentifier>
    </Filter>
    <Filter Include="Rendering">
      <UniqueIdentifier>{ba2f5a6a-58f6-4eaa-9297-30e77fd20676}</UniqueIdentifier>
    </Filter>
    <Filter Include="Rendering\Vulkan">
      <UniqueIdentifier>{b01ef0bd-2b82-4e0a-a452-15b2db879669}</UniqueIdentifier>
    </Filter>
  </ItemGroup>
  <ItemGroup>
    <ClCompile Include="dllmain.cpp" />
    <ClCompile Include="OS\Window.cpp">
      <Filter>OS</Filter>
    </ClCompile>
    <ClCompile Include="OS\Win32\Win32Window.cpp">
      <Filter>OS\Win32</Filter>
    </ClCompile>
    <ClCompile Include="OS\InputState.cpp">
      <Filter>OS</Filter>
    </ClCompile>
    <ClCompile Include="OS\InputEnums.hpp">
      <Filter>OS</Filter>
    </ClCompile>
    <ClCompile Include="Rendering\Renderer.cpp">
      <Filter>Rendering</Filter>
    </ClCompile>
    <ClCompile Include="Rendering\Vulkan\VulkanRenderer.cpp">
      <Filter>Rendering\Vulkan</Filter>
    </ClCompile>
    <ClCompile Include="Rendering\Vulkan\Device.cpp">
      <Filter>Rendering\Vulkan</Filter>
    </ClCompile>
    <ClCompile Include="Rendering\Vulkan\Instance.cpp">
      <Filter>Rendering\Vulkan</Filter>
    </ClCompile>
    <ClCompile Include="Rendering\Vulkan\PhysicalDevice.cpp">
      <Filter>Rendering\Vulkan</Filter>
    </ClCompile>
    <ClCompile Include="Rendering\Vulkan\Debug.cpp">
      <Filter>Rendering\Vulkan</Filter>
    </ClCompile>
    <ClCompile Include="Rendering\Vulkan\Surface.cpp">
      <Filter>Rendering\Vulkan</Filter>
    </ClCompile>
    <ClCompile Include="Rendering\Vulkan\SwapChain.cpp">
      <Filter>Rendering\Vulkan</Filter>
    </ClCompile>
    <ClCompile Include="Rendering\Vulkan\ImageView.cpp">
      <Filter>Rendering\Vulkan</Filter>
    </ClCompile>
    <ClCompile Include="Rendering\Shader.cpp">
      <Filter>Rendering</Filter>
    </ClCompile>
    <ClCompile Include="Rendering\Vulkan\PipelineLayout.cpp">
      <Filter>Rendering\Vulkan</Filter>
    </ClCompile>
    <ClCompile Include="OS\Files.cpp">
      <Filter>OS</Filter>
    </ClCompile>
    <ClCompile Include="Rendering\Vulkan\RenderPass.cpp">
      <Filter>Rendering\Vulkan</Filter>
    </ClCompile>
    <ClCompile Include="Rendering\Vulkan\Framebuffer.cpp">
      <Filter>Rendering\Vulkan</Filter>
    </ClCompile>
    <ClCompile Include="Rendering\Vulkan\CommandPool.cpp">
      <Filter>Rendering\Vulkan</Filter>
    </ClCompile>
    <ClCompile Include="Rendering\MeshManager.cpp">
      <Filter>Rendering</Filter>
    </ClCompile>
    <ClCompile Include="Rendering\Vulkan\VulkanMeshManager.cpp">
      <Filter>Rendering\Vulkan</Filter>
    </ClCompile>
    <ClCompile Include="Core\Colour.cpp">
      <Filter>Core</Filter>
    </ClCompile>
    <ClCompile Include="Rendering\Vulkan\Buffer.cpp">
      <Filter>Rendering\Vulkan</Filter>
    </ClCompile>
    <ClCompile Include="Rendering\Vulkan\DescriptorPool.cpp">
      <Filter>Rendering\Vulkan</Filter>
    </ClCompile>
    <ClCompile Include="Core\Image.cpp">
      <Filter>Core</Filter>
    </ClCompile>
    <ClCompile Include="Core\Logging\Logger.cpp">
      <Filter>Core\Logging</Filter>
    </ClCompile>
    <ClCompile Include="Rendering\Vulkan\RenderImage.cpp">
      <Filter>Rendering\Vulkan</Filter>
    </ClCompile>
    <ClCompile Include="Rendering\Vulkan\ImageSampler.cpp">
      <Filter>Rendering\Vulkan</Filter>
    </ClCompile>
    <ClCompile Include="Rendering\VertexData.cpp">
      <Filter>Rendering</Filter>
    </ClCompile>
    <ClCompile Include="Rendering\GLTFLoader.cpp">
      <Filter>Rendering</Filter>
    </ClCompile>
    <ClCompile Include="Rendering\Camera.cpp">
      <Filter>Rendering</Filter>
    </ClCompile>
  </ItemGroup>
  <ItemGroup>
    <ClInclude Include="Core\Macros.hpp">
      <Filter>Core</Filter>
    </ClInclude>
    <ClInclude Include="OS\Window.hpp">
      <Filter>OS</Filter>
    </ClInclude>
    <ClInclude Include="OS\Win32\Win32Window.hpp">
      <Filter>OS\Win32</Filter>
    </ClInclude>
    <ClInclude Include="OS\InputState.hpp">
      <Filter>OS</Filter>
    </ClInclude>
    <ClInclude Include="Rendering\Renderer.hpp">
      <Filter>Rendering</Filter>
    </ClInclude>
    <ClInclude Include="Rendering\Vulkan\VulkanRenderer.hpp">
      <Filter>Rendering\Vulkan</Filter>
    </ClInclude>
    <ClInclude Include="Rendering\Vulkan\QueueFamilyIndices.hpp">
      <Filter>Rendering\Vulkan</Filter>
    </ClInclude>
    <ClInclude Include="Rendering\Vulkan\Device.hpp">
      <Filter>Rendering\Vulkan</Filter>
    </ClInclude>
    <ClInclude Include="Rendering\Vulkan\Instance.hpp">
      <Filter>Rendering\Vulkan</Filter>
    </ClInclude>
    <ClInclude Include="Rendering\Vulkan\PhysicalDevice.hpp">
      <Filter>Rendering\Vulkan</Filter>
    </ClInclude>
    <ClInclude Include="Rendering\Vulkan\Debug.hpp">
      <Filter>Rendering\Vulkan</Filter>
    </ClInclude>
    <ClInclude Include="Rendering\Vulkan\Surface.hpp">
      <Filter>Rendering\Vulkan</Filter>
    </ClInclude>
    <ClInclude Include="Rendering\Vulkan\SwapChain.hpp">
      <Filter>Rendering\Vulkan</Filter>
    </ClInclude>
    <ClInclude Include="Rendering\Vulkan\SwapChainSupportDetails.hpp">
      <Filter>Rendering\Vulkan</Filter>
    </ClInclude>
    <ClInclude Include="Rendering\Vulkan\ImageView.hpp">
      <Filter>Rendering\Vulkan</Filter>
    </ClInclude>
    <ClInclude Include="Rendering\Shader.hpp">
      <Filter>Rendering</Filter>
    </ClInclude>
    <ClInclude Include="Rendering\Vulkan\PipelineLayout.hpp">
      <Filter>Rendering\Vulkan</Filter>
    </ClInclude>
    <ClInclude Include="OS\Files.hpp">
      <Filter>OS</Filter>
    </ClInclude>
    <ClInclude Include="Rendering\Vulkan\RenderPass.hpp">
      <Filter>Rendering\Vulkan</Filter>
    </ClInclude>
    <ClInclude Include="Rendering\Vulkan\Framebuffer.hpp">
      <Filter>Rendering\Vulkan</Filter>
    </ClInclude>
    <ClInclude Include="Rendering\Vulkan\CommandPool.hpp">
      <Filter>Rendering\Vulkan</Filter>
    </ClInclude>
    <ClInclude Include="Rendering\MeshManager.hpp">
      <Filter>Rendering</Filter>
    </ClInclude>
    <ClInclude Include="Rendering\Vulkan\VulkanMeshManager.hpp">
      <Filter>Rendering\Vulkan</Filter>
    </ClInclude>
    <ClInclude Include="Core\Colour.hpp">
      <Filter>Core</Filter>
    </ClInclude>
    <ClInclude Include="Rendering\Vulkan\Buffer.hpp">
      <Filter>Rendering\Vulkan</Filter>
    </ClInclude>
    <ClInclude Include="Rendering\Vulkan\DescriptorPool.hpp">
      <Filter>Rendering\Vulkan</Filter>
    </ClInclude>
    <ClInclude Include="Core\Image.hpp">
      <Filter>Core</Filter>
    </ClInclude>
    <ClInclude Include="Core\Logging\Logger.hpp">
      <Filter>Core\Logging</Filter>
    </ClInclude>
    <ClInclude Include="Rendering\Vulkan\RenderImage.hpp">
      <Filter>Rendering\Vulkan</Filter>
    </ClInclude>
    <ClInclude Include="Rendering\Vulkan\ImageSampler.hpp">
      <Filter>Rendering\Vulkan</Filter>
    </ClInclude>
    <ClInclude Include="Rendering\VertexData.hpp">
      <Filter>Rendering</Filter>
    </ClInclude>
    <ClInclude Include="Rendering\GLTFLoader.hpp">
      <Filter>Rendering</Filter>
    </ClInclude>
    <ClInclude Include="Rendering\Camera.hpp">
      <Filter>Rendering</Filter>
    </ClInclude>
  </ItemGroup>
</Project>