<?xml version="1.0" encoding="utf-8"?>
<Project ToolsVersion="4.0" xmlns="http://schemas.microsoft.com/developer/msbuild/2003">
  <ItemGroup>
    <Filter Include="Core">
      <UniqueIdentifier>{7f33ebec-7d6f-461a-b619-c8bc40f8665e}</UniqueIdentifier>
    </Filter>
    <Filter Include="OS">
      <UniqueIdentifier>{774826fe-4cff-4dfb-be7c-cb6519dfb1e3}</UniqueIdentifier>
    </Filter>
    <Filter Include="Core\Logging">
      <UniqueIdentifier>{d8e8c204-29a0-4af9-8622-91489583a433}</UniqueIdentifier>
    </Filter>
    <Filter Include="OS\Win32">
      <UniqueIdentifier>{8370b9aa-112f-400d-ba90-0a506ada996d}</UniqueIdentifier>
    </Filter>
    <Filter Include="Rendering">
      <UniqueIdentifier>{ba2f5a6a-58f6-4eaa-9297-30e77fd20676}</UniqueIdentifier>
    </Filter>
    <Filter Include="Rendering\Vulkan">
      <UniqueIdentifier>{b01ef0bd-2b82-4e0a-a452-15b2db879669}</UniqueIdentifier>
    </Filter>
    <Filter Include="UI">
      <UniqueIdentifier>{f12299b0-7d4a-40f0-baa7-a558ad32ce1f}</UniqueIdentifier>
    </Filter>
    <Filter Include="UI\imgui">
      <UniqueIdentifier>{57dfb541-9436-4b06-bfca-63928fae9a97}</UniqueIdentifier>
    </Filter>
    <Filter Include="UI\imgui\backends">
      <UniqueIdentifier>{f4d8dd5e-ad92-45bf-9d07-879a7e334bf2}</UniqueIdentifier>
    </Filter>
    <Filter Include="UI\Vulkan">
      <UniqueIdentifier>{f05028ca-587a-4975-ae00-ce1c29f90011}</UniqueIdentifier>
    </Filter>
    <Filter Include="Dependencies">
      <UniqueIdentifier>{654df920-27f9-47c2-840c-6e4196092904}</UniqueIdentifier>
    </Filter>
    <Filter Include="UI\implot">
      <UniqueIdentifier>{57a30aa0-5328-4051-ba8b-58e9a037a9ff}</UniqueIdentifier>
    </Filter>
    <Filter Include="UI\imgui-node-editor">
      <UniqueIdentifier>{ecfc4154-ea20-4e57-baed-8bd252293f71}</UniqueIdentifier>
    </Filter>
    <Filter Include="Rendering\Resources">
      <UniqueIdentifier>{6102c211-3e0a-4cd1-bf4f-878802381d58}</UniqueIdentifier>
    </Filter>
  </ItemGroup>
  <ItemGroup>
    <ClCompile Include="dllmain.cpp" />
    <ClCompile Include="OS\Window.cpp">
      <Filter>OS</Filter>
    </ClCompile>
    <ClCompile Include="OS\Win32\Win32Window.cpp">
      <Filter>OS\Win32</Filter>
    </ClCompile>
    <ClCompile Include="OS\InputState.cpp">
      <Filter>OS</Filter>
    </ClCompile>
    <ClCompile Include="OS\InputEnums.hpp">
      <Filter>OS</Filter>
    </ClCompile>
    <ClCompile Include="Rendering\Renderer.cpp">
      <Filter>Rendering</Filter>
    </ClCompile>
    <ClCompile Include="Rendering\Vulkan\VulkanRenderer.cpp">
      <Filter>Rendering\Vulkan</Filter>
    </ClCompile>
    <ClCompile Include="Rendering\Vulkan\Device.cpp">
      <Filter>Rendering\Vulkan</Filter>
    </ClCompile>
    <ClCompile Include="Rendering\Vulkan\Instance.cpp">
      <Filter>Rendering\Vulkan</Filter>
    </ClCompile>
    <ClCompile Include="Rendering\Vulkan\PhysicalDevice.cpp">
      <Filter>Rendering\Vulkan</Filter>
    </ClCompile>
    <ClCompile Include="Rendering\Vulkan\Debug.cpp">
      <Filter>Rendering\Vulkan</Filter>
    </ClCompile>
    <ClCompile Include="Rendering\Vulkan\Surface.cpp">
      <Filter>Rendering\Vulkan</Filter>
    </ClCompile>
    <ClCompile Include="Rendering\Vulkan\SwapChain.cpp">
      <Filter>Rendering\Vulkan</Filter>
    </ClCompile>
    <ClCompile Include="Rendering\Vulkan\ImageView.cpp">
      <Filter>Rendering\Vulkan</Filter>
    </ClCompile>
    <ClCompile Include="Rendering\Vulkan\PipelineLayout.cpp">
      <Filter>Rendering\Vulkan</Filter>
    </ClCompile>
    <ClCompile Include="OS\Files.cpp">
      <Filter>OS</Filter>
    </ClCompile>
    <ClCompile Include="Rendering\Vulkan\CommandPool.cpp">
      <Filter>Rendering\Vulkan</Filter>
    </ClCompile>
    <ClCompile Include="Rendering\SceneManager.cpp">
      <Filter>Rendering</Filter>
    </ClCompile>
    <ClCompile Include="Rendering\Vulkan\VulkanSceneManager.cpp">
      <Filter>Rendering\Vulkan</Filter>
    </ClCompile>
    <ClCompile Include="Core\Colour.cpp">
      <Filter>Core</Filter>
    </ClCompile>
    <ClCompile Include="Rendering\Vulkan\Buffer.cpp">
      <Filter>Rendering\Vulkan</Filter>
    </ClCompile>
    <ClCompile Include="Rendering\Vulkan\DescriptorPool.cpp">
      <Filter>Rendering\Vulkan</Filter>
    </ClCompile>
    <ClCompile Include="Core\Image.cpp">
      <Filter>Core</Filter>
    </ClCompile>
    <ClCompile Include="Core\Logging\Logger.cpp">
      <Filter>Core\Logging</Filter>
    </ClCompile>
    <ClCompile Include="Rendering\Vulkan\RenderImage.cpp">
      <Filter>Rendering\Vulkan</Filter>
    </ClCompile>
    <ClCompile Include="Rendering\Vulkan\ImageSampler.cpp">
      <Filter>Rendering\Vulkan</Filter>
    </ClCompile>
    <ClCompile Include="Rendering\VertexData.cpp">
      <Filter>Rendering</Filter>
    </ClCompile>
    <ClCompile Include="Rendering\GLTFLoader.cpp">
      <Filter>Rendering</Filter>
    </ClCompile>
    <ClCompile Include="Rendering\Camera.cpp">
      <Filter>Rendering</Filter>
    </ClCompile>
    <ClCompile Include="Core\Hash.cpp">
      <Filter>Core</Filter>
    </ClCompile>
    <ClCompile Include="UI\UIManager.cpp">
      <Filter>UI</Filter>
    </ClCompile>
    <ClCompile Include="UI\imgui\imgui.cpp">
      <Filter>UI\imgui</Filter>
    </ClCompile>
    <ClCompile Include="UI\imgui\imgui_draw.cpp">
      <Filter>UI\imgui</Filter>
    </ClCompile>
    <ClCompile Include="UI\imgui\imgui_tables.cpp">
      <Filter>UI\imgui</Filter>
    </ClCompile>
    <ClCompile Include="UI\imgui\imgui_widgets.cpp">
      <Filter>UI\imgui</Filter>
    </ClCompile>
    <ClCompile Include="UI\Vulkan\VulkanUIManager.cpp">
      <Filter>UI\Vulkan</Filter>
    </ClCompile>
    <ClCompile Include="UI\imgui\backends\imgui_impl_win32.cpp">
      <Filter>UI\imgui\backends</Filter>
    </ClCompile>
    <ClCompile Include="Rendering\TangentCalculator.cpp">
      <Filter>Rendering</Filter>
    </ClCompile>
    <ClCompile Include="UI\Drawer.cpp">
      <Filter>UI</Filter>
    </ClCompile>
    <ClCompile Include="Core\Utilities.cpp">
      <Filter>Core</Filter>
    </ClCompile>
    <ClCompile Include="Core\ChunkData.cpp">
      <Filter>Core</Filter>
    </ClCompile>
    <ClCompile Include="Core\MeshOptimiser.cpp">
      <Filter>Core</Filter>
    </ClCompile>
    <ClCompile Include="Core\AsyncData.cpp">
      <Filter>Core</Filter>
    </ClCompile>
    <ClCompile Include="..\Dependencies\include\bc7enc.cpp">
      <Filter>Dependencies</Filter>
    </ClCompile>
    <ClCompile Include="..\Dependencies\include\rgbcx.cpp">
      <Filter>Dependencies</Filter>
    </ClCompile>
    <ClCompile Include="UI\imgui\backends\imgui_impl_vulkan.cpp">
      <Filter>UI\imgui\backends</Filter>
    </ClCompile>
    <ClCompile Include="Rendering\Vulkan\VulkanRenderStats.cpp">
      <Filter>Rendering\Vulkan</Filter>
    </ClCompile>
    <ClCompile Include="Rendering\RenderStats.cpp">
      <Filter>Rendering</Filter>
    </ClCompile>
    <ClCompile Include="UI\implot\implot.cpp">
      <Filter>UI\implot</Filter>
    </ClCompile>
    <ClCompile Include="UI\implot\implot_items.cpp">
      <Filter>UI\implot</Filter>
    </ClCompile>
    <ClCompile Include="UI\ScrollingGraphBuffer.cpp">
      <Filter>UI</Filter>
    </ClCompile>
    <ClCompile Include="Rendering\Vulkan\PipelineManager.cpp">
      <Filter>Rendering\Vulkan</Filter>
    </ClCompile>
    <ClCompile Include="Rendering\Material.cpp">
      <Filter>Rendering</Filter>
    </ClCompile>
    <ClCompile Include="..\Dependencies\include\spirv_reflect.c">
      <Filter>Dependencies</Filter>
    </ClCompile>
    <ClCompile Include="UI\NodeManager.cpp">
      <Filter>UI</Filter>
    </ClCompile>
    <ClCompile Include="UI\NodeBuilder.cpp">
      <Filter>UI</Filter>
    </ClCompile>
    <ClCompile Include="UI\imgui\imgui_stacklayout.cpp">
      <Filter>UI\imgui</Filter>
    </ClCompile>
    <ClCompile Include="UI\imgui-node-editor\imgui_canvas.cpp">
      <Filter>UI\imgui-node-editor</Filter>
    </ClCompile>
    <ClCompile Include="UI\imgui-node-editor\imgui_node_editor.cpp">
      <Filter>UI\imgui-node-editor</Filter>
    </ClCompile>
    <ClCompile Include="UI\imgui-node-editor\imgui_node_editor_api.cpp">
      <Filter>UI\imgui-node-editor</Filter>
    </ClCompile>
    <ClCompile Include="Rendering\PostProcessing.cpp">
      <Filter>Rendering</Filter>
    </ClCompile>
    <ClCompile Include="Rendering\ShadowMap.cpp">
      <Filter>Rendering</Filter>
    </ClCompile>
    <ClCompile Include="Rendering\GBuffer.cpp">
      <Filter>Rendering</Filter>
    </ClCompile>
    <ClCompile Include="Rendering\Vulkan\ResourceFactory.cpp">
      <Filter>Rendering\Vulkan</Filter>
    </ClCompile>
    <ClCompile Include="Rendering\Vulkan\CommandBuffer.cpp">
      <Filter>Rendering\Vulkan</Filter>
    </ClCompile>
  </ItemGroup>
  <ItemGroup>
    <ClInclude Include="Core\Macros.hpp">
      <Filter>Core</Filter>
    </ClInclude>
    <ClInclude Include="OS\Window.hpp">
      <Filter>OS</Filter>
    </ClInclude>
    <ClInclude Include="OS\Win32\Win32Window.hpp">
      <Filter>OS\Win32</Filter>
    </ClInclude>
    <ClInclude Include="OS\InputState.hpp">
      <Filter>OS</Filter>
    </ClInclude>
    <ClInclude Include="Rendering\Renderer.hpp">
      <Filter>Rendering</Filter>
    </ClInclude>
    <ClInclude Include="Rendering\Vulkan\VulkanRenderer.hpp">
      <Filter>Rendering\Vulkan</Filter>
    </ClInclude>
    <ClInclude Include="Rendering\Vulkan\QueueFamilyIndices.hpp">
      <Filter>Rendering\Vulkan</Filter>
    </ClInclude>
    <ClInclude Include="Rendering\Vulkan\Device.hpp">
      <Filter>Rendering\Vulkan</Filter>
    </ClInclude>
    <ClInclude Include="Rendering\Vulkan\Instance.hpp">
      <Filter>Rendering\Vulkan</Filter>
    </ClInclude>
    <ClInclude Include="Rendering\Vulkan\PhysicalDevice.hpp">
      <Filter>Rendering\Vulkan</Filter>
    </ClInclude>
    <ClInclude Include="Rendering\Vulkan\Debug.hpp">
      <Filter>Rendering\Vulkan</Filter>
    </ClInclude>
    <ClInclude Include="Rendering\Vulkan\Surface.hpp">
      <Filter>Rendering\Vulkan</Filter>
    </ClInclude>
    <ClInclude Include="Rendering\Vulkan\SwapChain.hpp">
      <Filter>Rendering\Vulkan</Filter>
    </ClInclude>
    <ClInclude Include="Rendering\Vulkan\SwapChainSupportDetails.hpp">
      <Filter>Rendering\Vulkan</Filter>
    </ClInclude>
    <ClInclude Include="Rendering\Vulkan\ImageView.hpp">
      <Filter>Rendering\Vulkan</Filter>
    </ClInclude>
    <ClInclude Include="Rendering\Vulkan\PipelineLayout.hpp">
      <Filter>Rendering\Vulkan</Filter>
    </ClInclude>
    <ClInclude Include="OS\Files.hpp">
      <Filter>OS</Filter>
    </ClInclude>
    <ClInclude Include="Rendering\Vulkan\CommandPool.hpp">
      <Filter>Rendering\Vulkan</Filter>
    </ClInclude>
    <ClInclude Include="Rendering\SceneManager.hpp">
      <Filter>Rendering</Filter>
    </ClInclude>
    <ClInclude Include="Rendering\Vulkan\VulkanSceneManager.hpp">
      <Filter>Rendering\Vulkan</Filter>
    </ClInclude>
    <ClInclude Include="Core\Colour.hpp">
      <Filter>Core</Filter>
    </ClInclude>
    <ClInclude Include="Rendering\Vulkan\Buffer.hpp">
      <Filter>Rendering\Vulkan</Filter>
    </ClInclude>
    <ClInclude Include="Rendering\Vulkan\DescriptorPool.hpp">
      <Filter>Rendering\Vulkan</Filter>
    </ClInclude>
    <ClInclude Include="Core\Image.hpp">
      <Filter>Core</Filter>
    </ClInclude>
    <ClInclude Include="Core\Logging\Logger.hpp">
      <Filter>Core\Logging</Filter>
    </ClInclude>
    <ClInclude Include="Rendering\Vulkan\RenderImage.hpp">
      <Filter>Rendering\Vulkan</Filter>
    </ClInclude>
    <ClInclude Include="Rendering\Vulkan\ImageSampler.hpp">
      <Filter>Rendering\Vulkan</Filter>
    </ClInclude>
    <ClInclude Include="Rendering\VertexData.hpp">
      <Filter>Rendering</Filter>
    </ClInclude>
    <ClInclude Include="Rendering\GLTFLoader.hpp">
      <Filter>Rendering</Filter>
    </ClInclude>
    <ClInclude Include="Rendering\Camera.hpp">
      <Filter>Rendering</Filter>
    </ClInclude>
    <ClInclude Include="Core\Hash.hpp">
      <Filter>Core</Filter>
    </ClInclude>
    <ClInclude Include="Rendering\MeshInfo.hpp">
      <Filter>Rendering</Filter>
    </ClInclude>
    <ClInclude Include="Rendering\Vulkan\RenderMeshInfo.hpp">
      <Filter>Rendering\Vulkan</Filter>
    </ClInclude>
    <ClInclude Include="UI\UIManager.hpp">
      <Filter>UI</Filter>
    </ClInclude>
    <ClInclude Include="UI\imgui\imconfig.h">
      <Filter>UI\imgui</Filter>
    </ClInclude>
    <ClInclude Include="UI\imgui\imgui.h">
      <Filter>UI\imgui</Filter>
    </ClInclude>
    <ClInclude Include="UI\imgui\imgui_internal.h">
      <Filter>UI\imgui</Filter>
    </ClInclude>
    <ClInclude Include="UI\imgui\imstb_rectpack.h">
      <Filter>UI\imgui</Filter>
    </ClInclude>
    <ClInclude Include="UI\imgui\imstb_textedit.h">
      <Filter>UI\imgui</Filter>
    </ClInclude>
    <ClInclude Include="UI\imgui\imstb_truetype.h">
      <Filter>UI\imgui</Filter>
    </ClInclude>
    <ClInclude Include="UI\imgui\backends\imgui_impl_vulkan.h">
      <Filter>UI\imgui\backends</Filter>
    </ClInclude>
    <ClInclude Include="UI\Vulkan\VulkanUIManager.hpp">
      <Filter>UI\Vulkan</Filter>
    </ClInclude>
    <ClInclude Include="UI\imgui\backends\imgui_impl_win32.h">
      <Filter>UI\imgui\backends</Filter>
    </ClInclude>
    <ClInclude Include="OS\Win32\WindowProc.hpp">
      <Filter>OS\Win32</Filter>
    </ClInclude>
    <ClInclude Include="Rendering\TangentCalculator.hpp">
      <Filter>Rendering</Filter>
    </ClInclude>
    <ClInclude Include="UI\Drawer.hpp">
      <Filter>UI</Filter>
    </ClInclude>
    <ClInclude Include="Core\Utilities.hpp">
      <Filter>Core</Filter>
    </ClInclude>
    <ClInclude Include="Core\ChunkTypeInfo.hpp">
      <Filter>Core</Filter>
    </ClInclude>
    <ClInclude Include="Core\ChunkData.hpp">
      <Filter>Core</Filter>
    </ClInclude>
    <ClInclude Include="Core\MeshOptimiser.hpp">
      <Filter>Core</Filter>
    </ClInclude>
    <ClInclude Include="Core\AsyncData.hpp">
      <Filter>Core</Filter>
    </ClInclude>
    <ClInclude Include="Rendering\Vulkan\VulkanRenderStats.hpp">
      <Filter>Rendering\Vulkan</Filter>
    </ClInclude>
    <ClInclude Include="Rendering\RenderStats.hpp">
      <Filter>Rendering</Filter>
    </ClInclude>
    <ClInclude Include="UI\implot\implot.h">
      <Filter>UI\implot</Filter>
    </ClInclude>
    <ClInclude Include="UI\implot\implot_internal.h">
      <Filter>UI\implot</Filter>
    </ClInclude>
    <ClInclude Include="UI\ScrollingGraphBuffer.hpp">
      <Filter>UI</Filter>
    </ClInclude>
    <ClInclude Include="Rendering\Vulkan\LightUniformBuffer.hpp">
      <Filter>Rendering</Filter>
    </ClInclude>
    <ClInclude Include="Rendering\Vulkan\FrameInfoUniformBuffer.hpp">
      <Filter>Rendering</Filter>
    </ClInclude>
    <ClInclude Include="Rendering\Vulkan\PipelineManager.hpp">
      <Filter>Rendering\Vulkan</Filter>
    </ClInclude>
    <ClInclude Include="Rendering\Material.hpp">
      <Filter>Rendering</Filter>
    </ClInclude>
    <ClInclude Include="UI\NodeManager.hpp">
      <Filter>UI</Filter>
    </ClInclude>
    <ClInclude Include="UI\NodeBuilder.hpp">
      <Filter>UI</Filter>
    </ClInclude>
    <ClInclude Include="UI\imgui\imgui_stacklayout.h">
      <Filter>UI\imgui</Filter>
    </ClInclude>
    <ClInclude Include="UI\imgui\imgui_stacklayout_internal.h">
      <Filter>UI\imgui</Filter>
    </ClInclude>
    <ClInclude Include="UI\imgui-node-editor\imgui_bezier_math.h">
      <Filter>UI\imgui-node-editor</Filter>
    </ClInclude>
    <ClInclude Include="UI\imgui-node-editor\imgui_canvas.h">
      <Filter>UI\imgui-node-editor</Filter>
    </ClInclude>
    <ClInclude Include="UI\imgui-node-editor\imgui_extra_math.h">
      <Filter>UI\imgui-node-editor</Filter>
    </ClInclude>
    <ClInclude Include="UI\imgui-node-editor\imgui_node_editor.h">
      <Filter>UI\imgui-node-editor</Filter>
    </ClInclude>
    <ClInclude Include="UI\imgui-node-editor\imgui_node_editor_internal.h">
      <Filter>UI\imgui-node-editor</Filter>
    </ClInclude>
    <ClInclude Include="Rendering\Resources\IBuffer.hpp">
      <Filter>Rendering\Resources</Filter>
    </ClInclude>
    <ClInclude Include="Rendering\Resources\IImageSampler.hpp">
      <Filter>Rendering\Resources</Filter>
    </ClInclude>
    <ClInclude Include="Rendering\Resources\IImageView.hpp">
      <Filter>Rendering\Resources</Filter>
    </ClInclude>
    <ClInclude Include="Rendering\Resources\IRenderImage.hpp">
      <Filter>Rendering\Resources</Filter>
    </ClInclude>
    <ClInclude Include="Rendering\Types.hpp">
      <Filter>Rendering</Filter>
    </ClInclude>
    <ClInclude Include="Rendering\Vulkan\VulkanTypesInterop.hpp">
      <Filter>Rendering\Vulkan</Filter>
    </ClInclude>
    <ClInclude Include="Rendering\Resources\ICommandBuffer.hpp">
      <Filter>Rendering\Resources</Filter>
    </ClInclude>
    <ClInclude Include="Rendering\Resources\IDevice.hpp">
      <Filter>Rendering\Resources</Filter>
    </ClInclude>
    <ClInclude Include="Rendering\Resources\IPhysicalDevice.hpp">
      <Filter>Rendering\Resources</Filter>
    </ClInclude>
    <ClInclude Include="Rendering\GBuffer.hpp">
      <Filter>Rendering</Filter>
    </ClInclude>
    <ClInclude Include="Rendering\PostProcessing.hpp">
      <Filter>Rendering</Filter>
    </ClInclude>
    <ClInclude Include="Rendering\ShadowMap.hpp">
      <Filter>Rendering</Filter>
    </ClInclude>
    <ClInclude Include="Rendering\Resources\IResourceFactory.hpp">
      <Filter>Rendering\Resources</Filter>
    </ClInclude>
    <ClInclude Include="Rendering\Vulkan\ResourceFactory.hpp">
      <Filter>Rendering\Vulkan</Filter>
    </ClInclude>
    <ClInclude Include="Rendering\Resources\AttachmentInfo.hpp">
      <Filter>Rendering\Resources</Filter>
    </ClInclude>
    <ClInclude Include="Rendering\Vulkan\CommandBuffer.hpp">
      <Filter>Rendering\Vulkan</Filter>
    </ClInclude>
  </ItemGroup>
</Project>